{
  "nodes": {
    "nixpkgs": {
      "locked": {
        "lastModified": 1693944807,
        "narHash": "sha256-k19P85aCluF+PhUVhpSi61PEyhVz/Fw7+lxA+SyYwvQ=",
        "owner": "NixOS",
        "repo": "nixpkgs",
        "rev": "11226b1a182da75959a3b2ca6bae7aa8bb9c8ef9",
        "type": "github"
      },
      "original": {
        "id": "nixpkgs",
        "rev": "11226b1a182da75959a3b2ca6bae7aa8bb9c8ef9",
        "type": "indirect"
      }
    },
    "pyexbase": {
      "inputs": {
        "textapp-pkgs": [
          "textapp-pkgs"
        ]
      },
      "locked": {
        "lastModified": 1694080943,
        "narHash": "sha256-/ek409ZWSJelXltRyY9v/D63AWts1yyWFzwI1O+o30c=",
        "ref": "refs/heads/master",
        "rev": "1322ee36ab125df8f20f6ea0702f915be8fc3888",
        "revCount": 21,
        "type": "git",
        "url": "ssh://git@tsa04.isa.ru/textapp/pyexbase"
      },
      "original": {
        "type": "git",
        "url": "ssh://git@tsa04.isa.ru/textapp/pyexbase"
      }
    },
    "root": {
      "inputs": {
        "pyexbase": "pyexbase",
        "textapp-pkgs": "textapp-pkgs"
      }
    },
    "textapp-pkgs": {
      "inputs": {
        "nixpkgs": "nixpkgs"
      },
      "locked": {
        "lastModified": 1694080666,
        "narHash": "sha256-quIWQYwzFexDIHrK4Dyy65oN/6eH4/nEOsWJAZgIbHs=",
        "ref": "refs/heads/master",
        "rev": "48316992aeee58a9546b965e31b6ebe0a602fb4c",
        "revCount": 174,
        "type": "git",
        "url": "ssh://git@tsa04.isa.ru/textapp/textapp-pkgs"
      },
      "original": {
        "type": "git",
        "url": "ssh://git@tsa04.isa.ru/textapp/textapp-pkgs"
      }
    }
  },
  "root": "root",
  "version": 7
}
