{
  "nodes": {
    "nixpkgs": {
      "locked": {
        "lastModified": 1659195203,
        "narHash": "sha256-Z2gT0UvxRNPFiR8NwUDuAhbNPLyFH17dD9fRVuXryEg=",
        "owner": "NixOS",
        "repo": "nixpkgs",
        "rev": "b25178c77eed916713267ff0b7cb8c171c85402b",
        "type": "github"
      },
      "original": {
        "id": "nixpkgs",
        "rev": "b25178c77eed916713267ff0b7cb8c171c85402b",
        "type": "indirect"
      }
    },
    "pyexbase": {
      "inputs": {
        "textapp-pkgs": [
          "textapp-pkgs"
        ]
      },
      "locked": {
        "lastModified": 1660150781,
        "narHash": "sha256-2a3rEoGnpdrDbQs9BPBHHPEgMseSR+ejJtLhAhx21s8=",
        "ref": "refs/heads/master",
        "rev": "a47edf231530ec474600f78ebe385ee23d529ce0",
        "revCount": 15,
        "type": "git",
        "url": "ssh://git@tsa04.isa.ru/textapp/pyexbase"
      },
      "original": {
        "type": "git",
        "url": "ssh://git@tsa04.isa.ru/textapp/pyexbase"
      }
    },
    "root": {
      "inputs": {
        "pyexbase": "pyexbase",
        "textapp-pkgs": "textapp-pkgs"
      }
    },
    "textapp-pkgs": {
      "inputs": {
        "nixpkgs": "nixpkgs"
      },
      "locked": {
        "lastModified": 1660150352,
        "narHash": "sha256-nEeMMVGwHIp2l1qLntFY4qDSk69n0VObuf0eGYoyPTQ=",
        "ref": "refs/heads/master",
        "rev": "ae40776a4654b8ae66744ba360848799d3a4d0e8",
        "revCount": 128,
        "type": "git",
        "url": "ssh://git@tsa04.isa.ru/textapp/textapp-pkgs"
      },
      "original": {
        "type": "git",
        "url": "ssh://git@tsa04.isa.ru/textapp/textapp-pkgs"
      }
    }
  },
  "root": "root",
  "version": 7
}
