{
  "nodes": {
    "nixpkgs": {
      "locked": {
        "lastModified": 1642091568,
        "narHash": "sha256-K4b5ibkreQZG/YZUR4mnt4DdbqBBcm7YigQGirSQ1cE=",
        "owner": "NixOS",
        "repo": "nixpkgs",
        "rev": "93a324cd589e1069e206147a23e5d7921d1ecb46",
        "type": "github"
      },
      "original": {
        "id": "nixpkgs",
        "rev": "93a324cd589e1069e206147a23e5d7921d1ecb46",
        "type": "indirect"
      }
    },
    "pyexbase": {
      "inputs": {
        "textapp-pkgs": [
          "textapp-pkgs"
        ]
      },
      "locked": {
        "lastModified": 1647260247,
        "narHash": "sha256-x1xG8frWloEwZa1B2Oj91TOR6AfC8vv1ai2nnXwhexU=",
        "ref": "refs/heads/master",
        "rev": "ab035cc2c45b4d25a06dee8acefcf86ae10ab70b",
        "revCount": 14,
        "type": "git",
        "url": "ssh://git@tsa04.isa.ru/textapp/pyexbase"
      },
      "original": {
        "type": "git",
        "url": "ssh://git@tsa04.isa.ru/textapp/pyexbase"
      }
    },
    "root": {
      "inputs": {
        "pyexbase": "pyexbase",
        "textapp-pkgs": "textapp-pkgs"
      }
    },
    "textapp-pkgs": {
      "inputs": {
        "nixpkgs": "nixpkgs"
      },
      "locked": {
        "lastModified": 1657890893,
        "narHash": "sha256-Kr+xCKK1APuCcG0G1EyTMnxXxnQ8SfkVCX4djJMl8DQ=",
        "ref": "flakes",
        "rev": "c709bd928f3b99379c616950d44892c14799f8dd",
        "revCount": 118,
        "type": "git",
        "url": "ssh://git@tsa04.isa.ru/textapp/textapp-pkgs"
      },
      "original": {
        "ref": "flakes",
        "type": "git",
        "url": "ssh://git@tsa04.isa.ru/textapp/textapp-pkgs"
      }
    }
  },
  "root": "root",
  "version": 7
}
